
Microsoft Visual Studio Solution File, Format Version 12.00
# Visual Studio 15
Project("{FAE04EC0-301F-11D3-BF4B-00C04F79EFBC}") = "NetworkTest", "NetworkTest\NetworkTest.csproj", "{A7839487-6450-4DCE-9093-A53A696D3C87}"
EndProject
Project("{FAE04EC0-301F-11D3-BF4B-00C04F79EFBC}") = "NetworkTestKSP", "NetworkTestKSP\NetworkTestKSP.csproj", "{48D41645-F177-42A3-8696-4CEF057EE295}"
EndProject
Project("{FAE04EC0-301F-11D3-BF4B-00C04F79EFBC}") = "NetworkTestConsoleClient", "NetworkTestConsoleClient\NetworkTestConsoleClient.csproj", "{4482B445-F933-41EA-8AF3-2F422DAE36B7}"
EndProject
Project("{FAE04EC0-301F-11D3-BF4B-00C04F79EFBC}") = "NetworkTestConsoleServer", "NetworkTestConsoleServer\NetworkTestConsoleServer.csproj", "{F5738058-6B79-4E18-BE01-212DA1CC35AC}"
EndProject
Global
	GlobalSection(SolutionConfigurationPlatforms) = preSolution
		Debug|Any CPU = Debug|Any CPU
		Release|Any CPU = Release|Any CPU
	EndGlobalSection
	GlobalSection(ProjectConfigurationPlatforms) = postSolution
		{A7839487-6450-4DCE-9093-A53A696D3C87}.Debug|Any CPU.ActiveCfg = Debug|Any CPU
		{A7839487-6450-4DCE-9093-A53A696D3C87}.Debug|Any CPU.Build.0 = Debug|Any CPU
		{A7839487-6450-4DCE-9093-A53A696D3C87}.Release|Any CPU.ActiveCfg = Release|Any CPU
		{A7839487-6450-4DCE-9093-A53A696D3C87}.Release|Any CPU.Build.0 = Release|Any CPU
		{48D41645-F177-42A3-8696-4CEF057EE295}.Debug|Any CPU.ActiveCfg = Debug|Any CPU
		{48D41645-F177-42A3-8696-4CEF057EE295}.Debug|Any CPU.Build.0 = Debug|Any CPU
		{48D41645-F177-42A3-8696-4CEF057EE295}.Release|Any CPU.ActiveCfg = Release|Any CPU
		{48D41645-F177-42A3-8696-4CEF057EE295}.Release|Any CPU.Build.0 = Release|Any CPU
		{4482B445-F933-41EA-8AF3-2F422DAE36B7}.Debug|Any CPU.ActiveCfg = Debug|Any CPU
		{4482B445-F933-41EA-8AF3-2F422DAE36B7}.Debug|Any CPU.Build.0 = Debug|Any CPU
		{4482B445-F933-41EA-8AF3-2F422DAE36B7}.Release|Any CPU.ActiveCfg = Release|Any CPU
		{4482B445-F933-41EA-8AF3-2F422DAE36B7}.Release|Any CPU.Build.0 = Release|Any CPU
		{F5738058-6B79-4E18-BE01-212DA1CC35AC}.Debug|Any CPU.ActiveCfg = Debug|Any CPU
		{F5738058-6B79-4E18-BE01-212DA1CC35AC}.Debug|Any CPU.Build.0 = Debug|Any CPU
		{F5738058-6B79-4E18-BE01-212DA1CC35AC}.Release|Any CPU.ActiveCfg = Release|Any CPU
		{F5738058-6B79-4E18-BE01-212DA1CC35AC}.Release|Any CPU.Build.0 = Release|Any CPU
	EndGlobalSection
EndGlobal
